[[dependencies]]
name = "forge-std"
version = "1.16.1"
url = "https://soldeer-revisions.s3.amazonaws.com/forge-std/1_16_1_08-05-2026_08:51:16_forge-std-1.16.zip"
checksum = "839b61832925c7152c7b6dffbfa4998d9e606211179bd8f604733124e8a7cb57"
integrity = "60e55d10150354ca4a1e2985c5456c834b92b82ef85ab0e1d92a7786cddbd219"

[[dependencies]]
name = "rain-deploy"
version = "0.1.5"
url = "https://soldeer-revisions.s3.amazonaws.com/rain-deploy/0_1_5_30-07-2026_17:14:56_rain.zip"
checksum = "c6fd04c2c438655594fdb561e5546c0626430887cb24192dbb3f2266360a8a2b"
integrity = "36165afdcf0fc3093a300df1221190fd4382b47fbf4dca3d74013768da19dabc"

[[dependencies]]
name = "rain-extrospection"
version = "0.1.6"
url = "https://soldeer-revisions.s3.amazonaws.com/rain-extrospection/0_1_6_18-08-2026_12:57:47_rain.zip"
checksum = "4e580128b89eebe9ddb7f3ae36e2dffa8351a062168092962a99de234add7cf8"
integrity = "d8cb335c2f69ad31230b7ba0612ab05100aa6ff9e300b2c60fd5b81f8704c133"

[[dependencies]]
name = "rain-solmem"
version = "0.1.3"
url = "https://soldeer-revisions.s3.amazonaws.com/rain-solmem/0_1_3_09-05-2026_19:49:33_rain.zip"
checksum = "1d405bb81f7c9e56d1717de0d60da918d2fc2fa4db083efd2abe9906378d019f"
integrity = "e879d2743f9d884f647b9dd489889a83f2cea5f76eb69409a113e1baa69d3643"
