[[dependencies]]
name = "forge-std"
version = "1.16.2"
url = "https://soldeer-revisions.s3.amazonaws.com/forge-std/1_16_2_03-07-2026_07:37:45_forge-std-1.16.zip"
checksum = "405dccc9d60d753f6abc412b4adf0359f4390f65dbadbbb277a12b4946ed8969"
integrity = "5fb4325b60d7d4194bd0481e2f94398cf1d9c6561dd12a66fb2748ef4a68205f"

[[dependencies]]
name = "rain-deploy"
version = "0.1.7"
url = "https://soldeer-revisions.s3.amazonaws.com/rain-deploy/0_1_7_19-08-2026_05:57:12_rain.zip"
checksum = "d0e868184ad16fc6abb704bb1dddab57ebf2beb042529690e030568f5c81a9b3"
integrity = "e51da6f2b3a0f427a0aac5d7714bed2027f5cf0f39b31f0692e9623ceeaa47f2"

[[dependencies]]
name = "rain-extrospection"
version = "0.1.6"
url = "https://soldeer-revisions.s3.amazonaws.com/rain-extrospection/0_1_6_18-08-2026_12:57:47_rain.zip"
checksum = "4e580128b89eebe9ddb7f3ae36e2dffa8351a062168092962a99de234add7cf8"
integrity = "d8cb335c2f69ad31230b7ba0612ab05100aa6ff9e300b2c60fd5b81f8704c133"

[[dependencies]]
name = "rain-solmem"
version = "0.1.3"
url = "https://soldeer-revisions.s3.amazonaws.com/rain-solmem/0_1_3_09-05-2026_19:49:33_rain.zip"
checksum = "1d405bb81f7c9e56d1717de0d60da918d2fc2fa4db083efd2abe9906378d019f"
integrity = "e879d2743f9d884f647b9dd489889a83f2cea5f76eb69409a113e1baa69d3643"
